
Microsoft Visual Studio Solution File, Format Version 12.00
# Visual Studio Version 17
VisualStudioVersion = 17.8.34309.116
MinimumVisualStudioVersion = 10.0.40219.1
Project("{FAE04EC0-301F-11D3-BF4B-00C04F79EFBC}") = "Hw3", "Hw3\Hw3.csproj", "{19642BD4-F752-4F43-8A26-E343026F1946}"
EndProject
Global
	GlobalSection(SolutionConfigurationPlatforms) = preSolution
		Debug|Any CPU = Debug|Any CPU
		Release|Any CPU = Release|Any CPU
	EndGlobalSection
	GlobalSection(ProjectConfigurationPlatforms) = postSolution
		{19642BD4-F752-4F43-8A26-E343026F1946}.Debug|Any CPU.ActiveCfg = Debug|Any CPU
		{19642BD4-F752-4F43-8A26-E343026F1946}.Debug|Any CPU.Build.0 = Debug|Any CPU
		{19642BD4-F752-4F43-8A26-E343026F1946}.Release|Any CPU.ActiveCfg = Release|Any CPU
		{19642BD4-F752-4F43-8A26-E343026F1946}.Release|Any CPU.Build.0 = Release|Any CPU
	EndGlobalSection
	GlobalSection(SolutionProperties) = preSolution
		HideSolutionNode = FALSE
	EndGlobalSection
	GlobalSection(ExtensibilityGlobals) = postSolution
		SolutionGuid = {0E27EAB2-7D21-40BB-BD78-1349B6DB331B}
	EndGlobalSection
EndGlobal
